// !$*UTF8*$!
{
	archiveVersion = 1;
	classes = {
	};
	objectVersion = 46;
	objects = {

/* Begin PBXBuildFile section */
		3DDD3DA41B9367F50079E0BF /* main.m in Sources */ = {isa = PBXBuildFile; fileRef = 3DDD3DA31B9367F50079E0BF /* main.m */; };
		3DDD3DA71B9367F50079E0BF /* AppDelegate.m in Sources */ = {isa = PBXBuildFile; fileRef = 3DDD3DA61B9367F50079E0BF /* AppDelegate.m */; };
		3DDD3DAA1B9367F50079E0BF /* ViewController.m in Sources */ = {isa = PBXBuildFile; fileRef = 3DDD3DA91B9367F50079E0BF /* ViewController.m */; };
		3DDD3DAD1B9367F50079E0BF /* Main.storyboard in Resources */ = {isa = PBXBuildFile; fileRef = 3DDD3DAB1B9367F50079E0BF /* Main.storyboard */; };
		3DDD3DAF1B9367F50079E0BF /* Images.xcassets in Resources */ = {isa = PBXBuildFile; fileRef = 3DDD3DAE1B9367F50079E0BF /* Images.xcassets */; };
		3DDD3DB21B9367F50079E0BF /* LaunchScreen.xib in Resources */ = {isa = PBXBuildFile; fileRef = 3DDD3DB01B9367F50079E0BF /* LaunchScreen.xib */; };
		3DDD3DBE1B9367F50079E0BF /* Switch_Slider_SegmentedControlSampleTests.m in Sources */ = {isa = PBXBuildFile; fileRef = 3DDD3DBD1B9367F50079E0BF /* Switch_Slider_SegmentedControlSampleTests.m */; };
/* End PBXBuildFile section */

/* Begin PBXContainerItemProxy section */
		3DDD3DB81B9367F50079E0BF /* PBXContainerItemProxy */ = {
			isa = PBXContainerItemProxy;
			containerPortal = 3DDD3D961B9367F50079E0BF /* Project object */;
			proxyType = 1;
			remoteGlobalIDString = 3DDD3D9D1B9367F50079E0BF;
			remoteInfo = Switch_Slider_SegmentedControlSample;
		};
/* End PBXContainerItemProxy section */

/* Begin PBXFileReference section */
		3DDD3D9E1B9367F50079E0BF /* Switch_Slider_SegmentedControlSample.app */ = {isa = PBXFileReference; explicitFileType = wrapper.application; includeInIndex = 0; path = Switch_Slider_SegmentedControlSample.app; sourceTree = BUILT_PRODUCTS_DIR; };
		3DDD3DA21B9367F50079E0BF /* Info.plist */ = {isa = PBXFileReference; lastKnownFileType = text.plist.xml; path = Info.plist; sourceTree = "<group>"; };
		3DDD3DA31B9367F50079E0BF /* main.m */ = {isa = PBXFileReference; lastKnownFileType = sourcecode.c.objc; path = main.m; sourceTree = "<group>"; };
		3DDD3DA51B9367F50079E0BF /* AppDelegate.h */ = {isa = PBXFileReference; lastKnownFileType = sourcecode.c.h; path = AppDelegate.h; sourceTree = "<group>"; };
		3DDD3DA61B9367F50079E0BF /* AppDelegate.m */ = {isa = PBXFileReference; lastKnownFileType = sourcecode.c.objc; path = AppDelegate.m; sourceTree = "<group>"; };
		3DDD3DA81B9367F50079E0BF /* ViewController.h */ = {isa = PBXFileReference; lastKnownFileType = sourcecode.c.h; path = ViewController.h; sourceTree = "<group>"; };
		3DDD3DA91B9367F50079E0BF /* ViewController.m */ = {isa = PBXFileReference; lastKnownFileType = sourcecode.c.objc; path = ViewController.m; sourceTree = "<group>"; };
		3DDD3DAC1B9367F50079E0BF /* Base */ = {isa = PBXFileReference; lastKnownFileType = file.storyboard; name = Base; path = Base.lproj/Main.storyboard; sourceTree = "<group>"; };
		3DDD3DAE1B9367F50079E0BF /* Images.xcassets */ = {isa = PBXFileReference; lastKnownFileType = folder.assetcatalog; path = Images.xcassets; sourceTree = "<group>"; };
		3DDD3DB11B9367F50079E0BF /* Base */ = {isa = PBXFileReference; lastKnownFileType = file.xib; name = Base; path = Base.lproj/LaunchScreen.xib; sourceTree = "<group>"; };
		3DDD3DB71B9367F50079E0BF /* Switch_Slider_SegmentedControlSampleTests.xctest */ = {isa = PBXFileReference; explicitFileType = wrapper.cfbundle; includeInIndex = 0; path = Switch_Slider_SegmentedControlSampleTests.xctest; sourceTree = BUILT_PRODUCTS_DIR; };
		3DDD3DBC1B9367F50079E0BF /* Info.plist */ = {isa = PBXFileReference; lastKnownFileType = text.plist.xml; path = Info.plist; sourceTree = "<group>"; };
		3DDD3DBD1B9367F50079E0BF /* Switch_Slider_SegmentedControlSampleTests.m */ = {isa = PBXFileReference; lastKnownFileType = sourcecode.c.objc; path = Switch_Slider_SegmentedControlSampleTests.m; sourceTree = "<group>"; };
/* End PBXFileReference section */

/* Begin PBXFrameworksBuildPhase section */
		3DDD3D9B1B9367F50079E0BF /* Frameworks */ = {
			isa = PBXFrameworksBuildPhase;
			buildActionMask = 2147483647;
			files = (
			);
			runOnlyForDeploymentPostprocessing = 0;
		};
		3DDD3DB41B9367F50079E0BF /* Frameworks */ = {
			isa = PBXFrameworksBuildPhase;
			buildActionMask = 2147483647;
			files = (
			);
			runOnlyForDeploymentPostprocessing = 0;
		};
/* End PBXFrameworksBuildPhase section */

/* Begin PBXGroup section */
		3DDD3D951B9367F50079E0BF = {
			isa = PBXGroup;
			children = (
				3DDD3DA01B9367F50079E0BF /* Switch_Slider_SegmentedControlSample */,
				3DDD3DBA1B9367F50079E0BF /* Switch_Slider_SegmentedControlSampleTests */,
				3DDD3D9F1B9367F50079E0BF /* Products */,
			);
			sourceTree = "<group>";
		};
		3DDD3D9F1B9367F50079E0BF /* Products */ = {
			isa = PBXGroup;
			children = (
				3DDD3D9E1B9367F50079E0BF /* Switch_Slider_SegmentedControlSample.app */,
				3DDD3DB71B9367F50079E0BF /* Switch_Slider_SegmentedControlSampleTests.xctest */,
			);
			name = Products;
			sourceTree = "<group>";
		};
		3DDD3DA01B9367F50079E0BF /* Switch_Slider_SegmentedControlSample */ = {
			isa = PBXGroup;
			children = (
				3DDD3DA51B9367F50079E0BF /* AppDelegate.h */,
				3DDD3DA61B9367F50079E0BF /* AppDelegate.m */,
				3DDD3DA81B9367F50079E0BF /* ViewController.h */,
				3DDD3DA91B9367F50079E0BF /* ViewController.m */,
				3DDD3DAB1B9367F50079E0BF /* Main.storyboard */,
				3DDD3DAE1B9367F50079E0BF /* Images.xcassets */,
				3DDD3DB01B9367F50079E0BF /* LaunchScreen.xib */,
				3DDD3DA11B9367F50079E0BF /* Supporting Files */,
			);
			path = Switch_Slider_SegmentedControlSample;
			sourceTree = "<group>";
		};
		3DDD3DA11B9367F50079E0BF /* Supporting Files */ = {
			isa = PBXGroup;
			children = (
				3DDD3DA21B9367F50079E0BF /* Info.plist */,
				3DDD3DA31B9367F50079E0BF /* main.m */,
			);
			name = "Supporting Files";
			sourceTree = "<group>";
		};
		3DDD3DBA1B9367F50079E0BF /* Switch_Slider_SegmentedControlSampleTests */ = {
			isa = PBXGroup;
			children = (
				3DDD3DBD1B9367F50079E0BF /* Switch_Slider_SegmentedControlSampleTests.m */,
				3DDD3DBB1B9367F50079E0BF /* Supporting Files */,
			);
			path = Switch_Slider_SegmentedControlSampleTests;
			sourceTree = "<group>";
		};
		3DDD3DBB1B9367F50079E0BF /* Supporting Files */ = {
			isa = PBXGroup;
			children = (
				3DDD3DBC1B9367F50079E0BF /* Info.plist */,
			);
			name = "Supporting Files";
			sourceTree = "<group>";
		};
/* End PBXGroup section */

/* Begin PBXNativeTarget section */
		3DDD3D9D1B9367F50079E0BF /* Switch_Slider_SegmentedControlSample */ = {
			isa = PBXNativeTarget;
			buildConfigurationList = 3DDD3DC11B9367F50079E0BF /* Build configuration list for PBXNativeTarget "Switch_Slider_SegmentedControlSample" */;
			buildPhases = (
				3DDD3D9A1B9367F50079E0BF /* Sources */,
				3DDD3D9B1B9367F50079E0BF /* Frameworks */,
				3DDD3D9C1B9367F50079E0BF /* Resources */,
			);
			buildRules = (
			);
			dependencies = (
			);
			name = Switch_Slider_SegmentedControlSample;
			productName = Switch_Slider_SegmentedControlSample;
			productReference = 3DDD3D9E1B9367F50079E0BF /* Switch_Slider_SegmentedControlSample.app */;
			productType = "com.apple.product-type.application";
		};
		3DDD3DB61B9367F50079E0BF /* Switch_Slider_SegmentedControlSampleTests */ = {
			isa = PBXNativeTarget;
			buildConfigurationList = 3DDD3DC41B9367F50079E0BF /* Build configuration list for PBXNativeTarget "Switch_Slider_SegmentedControlSampleTests" */;
			buildPhases = (
				3DDD3DB31B9367F50079E0BF /* Sources */,
				3DDD3DB41B9367F50079E0BF /* Frameworks */,
				3DDD3DB51B9367F50079E0BF /* Resources */,
			);
			buildRules = (
			);
			dependencies = (
				3DDD3DB91B9367F50079E0BF /* PBXTargetDependency */,
			);
			name = Switch_Slider_SegmentedControlSampleTests;
			productName = Switch_Slider_SegmentedControlSampleTests;
			productReference = 3DDD3DB71B9367F50079E0BF /* Switch_Slider_SegmentedControlSampleTests.xctest */;
			productType = "com.apple.product-type.bundle.unit-test";
		};
/* End PBXNativeTarget section */

/* Begin PBXProject section */
		3DDD3D961B9367F50079E0BF /* Project object */ = {
			isa = PBXProject;
			attributes = {
				LastUpgradeCheck = 0640;
				ORGANIZATIONNAME = Lane;
				TargetAttributes = {
					3DDD3D9D1B9367F50079E0BF = {
						CreatedOnToolsVersion = 6.4;
					};
					3DDD3DB61B9367F50079E0BF = {
						CreatedOnToolsVersion = 6.4;
						TestTargetID = 3DDD3D9D1B9367F50079E0BF;
					};
				};
			};
			buildConfigurationList = 3DDD3D991B9367F50079E0BF /* Build configuration list for PBXProject "Switch_Slider_SegmentedControlSample" */;
			compatibilityVersion = "Xcode 3.2";
			developmentRegion = English;
			hasScannedForEncodings = 0;
			knownRegions = (
				en,
				Base,
			);
			mainGroup = 3DDD3D951B9367F50079E0BF;
			productRefGroup = 3DDD3D9F1B9367F50079E0BF /* Products */;
			projectDirPath = "";
			projectRoot = "";
			targets = (
				3DDD3D9D1B9367F50079E0BF /* Switch_Slider_SegmentedControlSample */,
				3DDD3DB61B9367F50079E0BF /* Switch_Slider_SegmentedControlSampleTests */,
			);
		};
/* End PBXProject section */

/* Begin PBXResourcesBuildPhase section */
		3DDD3D9C1B9367F50079E0BF /* Resources */ = {
			isa = PBXResourcesBuildPhase;
			buildActionMask = 2147483647;
			files = (
				3DDD3DAD1B9367F50079E0BF /* Main.storyboard in Resources */,
				3DDD3DB21B9367F50079E0BF /* LaunchScreen.xib in Resources */,
				3DDD3DAF1B9367F50079E0BF /* Images.xcassets in Resources */,
			);
			runOnlyForDeploymentPostprocessing = 0;
		};
		3DDD3DB51B9367F50079E0BF /* Resources */ = {
			isa = PBXResourcesBuildPhase;
			buildActionMask = 2147483647;
			files = (
			);
			runOnlyForDeploymentPostprocessing = 0;
		};
/* End PBXResourcesBuildPhase section */

/* Begin PBXSourcesBuildPhase section */
		3DDD3D9A1B9367F50079E0BF /* Sources */ = {
			isa = PBXSourcesBuildPhase;
			buildActionMask = 2147483647;
			files = (
				3DDD3DAA1B9367F50079E0BF /* ViewController.m in Sources */,
				3DDD3DA71B9367F50079E0BF /* AppDelegate.m in Sources */,
				3DDD3DA41B9367F50079E0BF /* main.m in Sources */,
			);
			runOnlyForDeploymentPostprocessing = 0;
		};
		3DDD3DB31B9367F50079E0BF /* Sources */ = {
			isa = PBXSourcesBuildPhase;
			buildActionMask = 2147483647;
			files = (
				3DDD3DBE1B9367F50079E0BF /* Switch_Slider_SegmentedControlSampleTests.m in Sources */,
			);
			runOnlyForDeploymentPostprocessing = 0;
		};
/* End PBXSourcesBuildPhase section */

/* Begin PBXTargetDependency section */
		3DDD3DB91B9367F50079E0BF /* PBXTargetDependency */ = {
			isa = PBXTargetDependency;
			target = 3DDD3D9D1B9367F50079E0BF /* Switch_Slider_SegmentedControlSample */;
			targetProxy = 3DDD3DB81B9367F50079E0BF /* PBXContainerItemProxy */;
		};
/* End PBXTargetDependency section */

/* Begin PBXVariantGroup section */
		3DDD3DAB1B9367F50079E0BF /* Main.storyboard */ = {
			isa = PBXVariantGroup;
			children = (
				3DDD3DAC1B9367F50079E0BF /* Base */,
			);
			name = Main.storyboard;
			sourceTree = "<group>";
		};
		3DDD3DB01B9367F50079E0BF /* LaunchScreen.xib */ = {
			isa = PBXVariantGroup;
			children = (
				3DDD3DB11B9367F50079E0BF /* Base */,
			);
			name = LaunchScreen.xib;
			sourceTree = "<group>";
		};
/* End PBXVariantGroup section */

/* Begin XCBuildConfiguration section */
		3DDD3DBF1B9367F50079E0BF /* Debug */ = {
			isa = XCBuildConfiguration;
			buildSettings = {
				ALWAYS_SEARCH_USER_PATHS = NO;
				CLANG_CXX_LANGUAGE_STANDARD = "gnu++0x";
				CLANG_CXX_LIBRARY = "libc++";
				CLANG_ENABLE_MODULES = YES;
				CLANG_ENABLE_OBJC_ARC = YES;
				CLANG_WARN_BOOL_CONVERSION = YES;
				CLANG_WARN_CONSTANT_CONVERSION = YES;
				CLANG_WARN_DIRECT_OBJC_ISA_USAGE = YES_ERROR;
				CLANG_WARN_EMPTY_BODY = YES;
				CLANG_WARN_ENUM_CONVERSION = YES;
				CLANG_WARN_INT_CONVERSION = YES;
				CLANG_WARN_OBJC_ROOT_CLASS = YES_ERROR;
				CLANG_WARN_UNREACHABLE_CODE = YES;
				CLANG_WARN__DUPLICATE_METHOD_MATCH = YES;
				"CODE_SIGN_IDENTITY[sdk=iphoneos*]" = "iPhone Developer";
				COPY_PHASE_STRIP = NO;
				DEBUG_INFORMATION_FORMAT = "dwarf-with-dsym";
				ENABLE_STRICT_OBJC_MSGSEND = YES;
				GCC_C_LANGUAGE_STANDARD = gnu99;
				GCC_DYNAMIC_NO_PIC = NO;
				GCC_NO_COMMON_BLOCKS = YES;
				GCC_OPTIMIZATION_LEVEL = 0;
				GCC_PREPROCESSOR_DEFINITIONS = (
					"DEBUG=1",
					"$(inherited)",
				);
				GCC_SYMBOLS_PRIVATE_EXTERN = NO;
				GCC_WARN_64_TO_32_BIT_CONVERSION = YES;
				GCC_WARN_ABOUT_RETURN_TYPE = YES_ERROR;
				GCC_WARN_UNDECLARED_SELECTOR = YES;
				GCC_WARN_UNINITIALIZED_AUTOS = YES_AGGRESSIVE;
				GCC_WARN_UNUSED_FUNCTION = YES;
				GCC_WARN_UNUSED_VARIABLE = YES;
				IPHONEOS_DEPLOYMENT_TARGET = 8.4;
				MTL_ENABLE_DEBUG_INFO = YES;
				ONLY_ACTIVE_ARCH = YES;
				SDKROOT = iphoneos;
			};
			name = Debug;
		};
		3DDD3DC01B9367F50079E0BF /* Release */ = {
			isa = XCBuildConfiguration;
			buildSettings = {
				ALWAYS_SEARCH_USER_PATHS = NO;
				CLANG_CXX_LANGUAGE_STANDARD = "gnu++0x";
				CLANG_CXX_LIBRARY = "libc++";
				CLANG_ENABLE_MODULES = YES;
				CLANG_ENABLE_OBJC_ARC = YES;
				CLANG_WARN_BOOL_CONVERSION = YES;
				CLANG_WARN_CONSTANT_CONVERSION = YES;
				CLANG_WARN_DIRECT_OBJC_ISA_USAGE = YES_ERROR;
				CLANG_WARN_EMPTY_BODY = YES;
				CLANG_WARN_ENUM_CONVERSION = YES;
				CLANG_WARN_INT_CONVERSION = YES;
				CLANG_WARN_OBJC_ROOT_CLASS = YES_ERROR;
				CLANG_WARN_UNREACHABLE_CODE = YES;
				CLANG_WARN__DUPLICATE_METHOD_MATCH = YES;
				"CODE_SIGN_IDENTITY[sdk=iphoneos*]" = "iPhone Developer";
				COPY_PHASE_STRIP = NO;
				DEBUG_INFORMATION_FORMAT = "dwarf-with-dsym";
				ENABLE_NS_ASSERTIONS = NO;
				ENABLE_STRICT_OBJC_MSGSEND = YES;
				GCC_C_LANGUAGE_STANDARD = gnu99;
				GCC_NO_COMMON_BLOCKS = YES;
				GCC_WARN_64_TO_32_BIT_CONVERSION = YES;
				GCC_WARN_ABOUT_RETURN_TYPE = YES_ERROR;
				GCC_WARN_UNDECLARED_SELECTOR = YES;
				GCC_WARN_UNINITIALIZED_AUTOS = YES_AGGRESSIVE;
				GCC_WARN_UNUSED_FUNCTION = YES;
				GCC_WARN_UNUSED_VARIABLE = YES;
				IPHONEOS_DEPLOYMENT_TARGET = 8.4;
				MTL_ENABLE_DEBUG_INFO = NO;
				SDKROOT = iphoneos;
				VALIDATE_PRODUCT = YES;
			};
			name = Release;
		};
		3DDD3DC21B9367F50079E0BF /* Debug */ = {
			isa = XCBuildConfiguration;
			buildSettings = {
				ASSETCATALOG_COMPILER_APPICON_NAME = AppIcon;
				INFOPLIST_FILE = Switch_Slider_SegmentedControlSample/Info.plist;
				LD_RUNPATH_SEARCH_PATHS = "$(inherited) @executable_path/Frameworks";
				PRODUCT_NAME = "$(TARGET_NAME)";
			};
			name = Debug;
		};
		3DDD3DC31B9367F50079E0BF /* Release */ = {
			isa = XCBuildConfiguration;
			buildSettings = {
				ASSETCATALOG_COMPILER_APPICON_NAME = AppIcon;
				INFOPLIST_FILE = Switch_Slider_SegmentedControlSample/Info.plist;
				LD_RUNPATH_SEARCH_PATHS = "$(inherited) @executable_path/Frameworks";
				PRODUCT_NAME = "$(TARGET_NAME)";
			};
			name = Release;
		};
		3DDD3DC51B9367F50079E0BF /* Debug */ = {
			isa = XCBuildConfiguration;
			buildSettings = {
				BUNDLE_LOADER = "$(TEST_HOST)";
				FRAMEWORK_SEARCH_PATHS = (
					"$(SDKROOT)/Developer/Library/Frameworks",
					"$(inherited)",
				);
				GCC_PREPROCESSOR_DEFINITIONS = (
					"DEBUG=1",
					"$(inherited)",
				);
				INFOPLIST_FILE = Switch_Slider_SegmentedControlSampleTests/Info.plist;
				LD_RUNPATH_SEARCH_PATHS = "$(inherited) @executable_path/Frameworks @loader_path/Frameworks";
				PRODUCT_NAME = "$(TARGET_NAME)";
				TEST_HOST = "$(BUILT_PRODUCTS_DIR)/Switch_Slider_SegmentedControlSample.app/Switch_Slider_SegmentedControlSample";
			};
			name = Debug;
		};
		3DDD3DC61B9367F50079E0BF /* Release */ = {
			isa = XCBuildConfiguration;
			buildSettings = {
				BUNDLE_LOADER = "$(TEST_HOST)";
				FRAMEWORK_SEARCH_PATHS = (
					"$(SDKROOT)/Developer/Library/Frameworks",
					"$(inherited)",
				);
				INFOPLIST_FILE = Switch_Slider_SegmentedControlSampleTests/Info.plist;
				LD_RUNPATH_SEARCH_PATHS = "$(inherited) @executable_path/Frameworks @loader_path/Frameworks";
				PRODUCT_NAME = "$(TARGET_NAME)";
				TEST_HOST = "$(BUILT_PRODUCTS_DIR)/Switch_Slider_SegmentedControlSample.app/Switch_Slider_SegmentedControlSample";
			};
			name = Release;
		};
/* End XCBuildConfiguration section */

/* Begin XCConfigurationList section */
		3DDD3D991B9367F50079E0BF /* Build configuration list for PBXProject "Switch_Slider_SegmentedControlSample" */ = {
			isa = XCConfigurationList;
			buildConfigurations = (
				3DDD3DBF1B9367F50079E0BF /* Debug */,
				3DDD3DC01B9367F50079E0BF /* Release */,
			);
			defaultConfigurationIsVisible = 0;
			defaultConfigurationName = Release;
		};
		3DDD3DC11B9367F50079E0BF /* Build configuration list for PBXNativeTarget "Switch_Slider_SegmentedControlSample" */ = {
			isa = XCConfigurationList;
			buildConfigurations = (
				3DDD3DC21B9367F50079E0BF /* Debug */,
				3DDD3DC31B9367F50079E0BF /* Release */,
			);
			defaultConfigurationIsVisible = 0;
		};
		3DDD3DC41B9367F50079E0BF /* Build configuration list for PBXNativeTarget "Switch_Slider_SegmentedControlSampleTests" */ = {
			isa = XCConfigurationList;
			buildConfigurations = (
				3DDD3DC51B9367F50079E0BF /* Debug */,
				3DDD3DC61B9367F50079E0BF /* Release */,
			);
			defaultConfigurationIsVisible = 0;
		};
/* End XCConfigurationList section */
	};
	rootObject = 3DDD3D961B9367F50079E0BF /* Project object */;
}
