// !$*UTF8*$!
{
	archiveVersion = 1;
	classes = {
	};
	objectVersion = 46;
	objects = {

/* Begin PBXBuildFile section */
		3D9E60A51B983D8000E45F16 /* main.m in Sources */ = {isa = PBXBuildFile; fileRef = 3D9E60A41B983D8000E45F16 /* main.m */; };
		3D9E60A81B983D8000E45F16 /* AppDelegate.m in Sources */ = {isa = PBXBuildFile; fileRef = 3D9E60A71B983D8000E45F16 /* AppDelegate.m */; };
		3D9E60AB1B983D8000E45F16 /* ViewController.m in Sources */ = {isa = PBXBuildFile; fileRef = 3D9E60AA1B983D8000E45F16 /* ViewController.m */; };
		3D9E60AE1B983D8000E45F16 /* Main.storyboard in Resources */ = {isa = PBXBuildFile; fileRef = 3D9E60AC1B983D8000E45F16 /* Main.storyboard */; };
		3D9E60B01B983D8000E45F16 /* Images.xcassets in Resources */ = {isa = PBXBuildFile; fileRef = 3D9E60AF1B983D8000E45F16 /* Images.xcassets */; };
		3D9E60B31B983D8000E45F16 /* LaunchScreen.xib in Resources */ = {isa = PBXBuildFile; fileRef = 3D9E60B11B983D8000E45F16 /* LaunchScreen.xib */; };
		3D9E60BF1B983D8000E45F16 /* DeviceInfoSampleTests.m in Sources */ = {isa = PBXBuildFile; fileRef = 3D9E60BE1B983D8000E45F16 /* DeviceInfoSampleTests.m */; };
/* End PBXBuildFile section */

/* Begin PBXContainerItemProxy section */
		3D9E60B91B983D8000E45F16 /* PBXContainerItemProxy */ = {
			isa = PBXContainerItemProxy;
			containerPortal = 3D9E60971B983D8000E45F16 /* Project object */;
			proxyType = 1;
			remoteGlobalIDString = 3D9E609E1B983D8000E45F16;
			remoteInfo = DeviceInfoSample;
		};
/* End PBXContainerItemProxy section */

/* Begin PBXFileReference section */
		3D9E609F1B983D8000E45F16 /* DeviceInfoSample.app */ = {isa = PBXFileReference; explicitFileType = wrapper.application; includeInIndex = 0; path = DeviceInfoSample.app; sourceTree = BUILT_PRODUCTS_DIR; };
		3D9E60A31B983D8000E45F16 /* Info.plist */ = {isa = PBXFileReference; lastKnownFileType = text.plist.xml; path = Info.plist; sourceTree = "<group>"; };
		3D9E60A41B983D8000E45F16 /* main.m */ = {isa = PBXFileReference; lastKnownFileType = sourcecode.c.objc; path = main.m; sourceTree = "<group>"; };
		3D9E60A61B983D8000E45F16 /* AppDelegate.h */ = {isa = PBXFileReference; lastKnownFileType = sourcecode.c.h; path = AppDelegate.h; sourceTree = "<group>"; };
		3D9E60A71B983D8000E45F16 /* AppDelegate.m */ = {isa = PBXFileReference; lastKnownFileType = sourcecode.c.objc; path = AppDelegate.m; sourceTree = "<group>"; };
		3D9E60A91B983D8000E45F16 /* ViewController.h */ = {isa = PBXFileReference; lastKnownFileType = sourcecode.c.h; path = ViewController.h; sourceTree = "<group>"; };
		3D9E60AA1B983D8000E45F16 /* ViewController.m */ = {isa = PBXFileReference; lastKnownFileType = sourcecode.c.objc; path = ViewController.m; sourceTree = "<group>"; };
		3D9E60AD1B983D8000E45F16 /* Base */ = {isa = PBXFileReference; lastKnownFileType = file.storyboard; name = Base; path = Base.lproj/Main.storyboard; sourceTree = "<group>"; };
		3D9E60AF1B983D8000E45F16 /* Images.xcassets */ = {isa = PBXFileReference; lastKnownFileType = folder.assetcatalog; path = Images.xcassets; sourceTree = "<group>"; };
		3D9E60B21B983D8000E45F16 /* Base */ = {isa = PBXFileReference; lastKnownFileType = file.xib; name = Base; path = Base.lproj/LaunchScreen.xib; sourceTree = "<group>"; };
		3D9E60B81B983D8000E45F16 /* DeviceInfoSampleTests.xctest */ = {isa = PBXFileReference; explicitFileType = wrapper.cfbundle; includeInIndex = 0; path = DeviceInfoSampleTests.xctest; sourceTree = BUILT_PRODUCTS_DIR; };
		3D9E60BD1B983D8000E45F16 /* Info.plist */ = {isa = PBXFileReference; lastKnownFileType = text.plist.xml; path = Info.plist; sourceTree = "<group>"; };
		3D9E60BE1B983D8000E45F16 /* DeviceInfoSampleTests.m */ = {isa = PBXFileReference; lastKnownFileType = sourcecode.c.objc; path = DeviceInfoSampleTests.m; sourceTree = "<group>"; };
/* End PBXFileReference section */

/* Begin PBXFrameworksBuildPhase section */
		3D9E609C1B983D8000E45F16 /* Frameworks */ = {
			isa = PBXFrameworksBuildPhase;
			buildActionMask = 2147483647;
			files = (
			);
			runOnlyForDeploymentPostprocessing = 0;
		};
		3D9E60B51B983D8000E45F16 /* Frameworks */ = {
			isa = PBXFrameworksBuildPhase;
			buildActionMask = 2147483647;
			files = (
			);
			runOnlyForDeploymentPostprocessing = 0;
		};
/* End PBXFrameworksBuildPhase section */

/* Begin PBXGroup section */
		3D9E60961B983D8000E45F16 = {
			isa = PBXGroup;
			children = (
				3D9E60A11B983D8000E45F16 /* DeviceInfoSample */,
				3D9E60BB1B983D8000E45F16 /* DeviceInfoSampleTests */,
				3D9E60A01B983D8000E45F16 /* Products */,
			);
			sourceTree = "<group>";
		};
		3D9E60A01B983D8000E45F16 /* Products */ = {
			isa = PBXGroup;
			children = (
				3D9E609F1B983D8000E45F16 /* DeviceInfoSample.app */,
				3D9E60B81B983D8000E45F16 /* DeviceInfoSampleTests.xctest */,
			);
			name = Products;
			sourceTree = "<group>";
		};
		3D9E60A11B983D8000E45F16 /* DeviceInfoSample */ = {
			isa = PBXGroup;
			children = (
				3D9E60A61B983D8000E45F16 /* AppDelegate.h */,
				3D9E60A71B983D8000E45F16 /* AppDelegate.m */,
				3D9E60A91B983D8000E45F16 /* ViewController.h */,
				3D9E60AA1B983D8000E45F16 /* ViewController.m */,
				3D9E60AC1B983D8000E45F16 /* Main.storyboard */,
				3D9E60AF1B983D8000E45F16 /* Images.xcassets */,
				3D9E60B11B983D8000E45F16 /* LaunchScreen.xib */,
				3D9E60A21B983D8000E45F16 /* Supporting Files */,
			);
			path = DeviceInfoSample;
			sourceTree = "<group>";
		};
		3D9E60A21B983D8000E45F16 /* Supporting Files */ = {
			isa = PBXGroup;
			children = (
				3D9E60A31B983D8000E45F16 /* Info.plist */,
				3D9E60A41B983D8000E45F16 /* main.m */,
			);
			name = "Supporting Files";
			sourceTree = "<group>";
		};
		3D9E60BB1B983D8000E45F16 /* DeviceInfoSampleTests */ = {
			isa = PBXGroup;
			children = (
				3D9E60BE1B983D8000E45F16 /* DeviceInfoSampleTests.m */,
				3D9E60BC1B983D8000E45F16 /* Supporting Files */,
			);
			path = DeviceInfoSampleTests;
			sourceTree = "<group>";
		};
		3D9E60BC1B983D8000E45F16 /* Supporting Files */ = {
			isa = PBXGroup;
			children = (
				3D9E60BD1B983D8000E45F16 /* Info.plist */,
			);
			name = "Supporting Files";
			sourceTree = "<group>";
		};
/* End PBXGroup section */

/* Begin PBXNativeTarget section */
		3D9E609E1B983D8000E45F16 /* DeviceInfoSample */ = {
			isa = PBXNativeTarget;
			buildConfigurationList = 3D9E60C21B983D8000E45F16 /* Build configuration list for PBXNativeTarget "DeviceInfoSample" */;
			buildPhases = (
				3D9E609B1B983D8000E45F16 /* Sources */,
				3D9E609C1B983D8000E45F16 /* Frameworks */,
				3D9E609D1B983D8000E45F16 /* Resources */,
			);
			buildRules = (
			);
			dependencies = (
			);
			name = DeviceInfoSample;
			productName = DeviceInfoSample;
			productReference = 3D9E609F1B983D8000E45F16 /* DeviceInfoSample.app */;
			productType = "com.apple.product-type.application";
		};
		3D9E60B71B983D8000E45F16 /* DeviceInfoSampleTests */ = {
			isa = PBXNativeTarget;
			buildConfigurationList = 3D9E60C51B983D8000E45F16 /* Build configuration list for PBXNativeTarget "DeviceInfoSampleTests" */;
			buildPhases = (
				3D9E60B41B983D8000E45F16 /* Sources */,
				3D9E60B51B983D8000E45F16 /* Frameworks */,
				3D9E60B61B983D8000E45F16 /* Resources */,
			);
			buildRules = (
			);
			dependencies = (
				3D9E60BA1B983D8000E45F16 /* PBXTargetDependency */,
			);
			name = DeviceInfoSampleTests;
			productName = DeviceInfoSampleTests;
			productReference = 3D9E60B81B983D8000E45F16 /* DeviceInfoSampleTests.xctest */;
			productType = "com.apple.product-type.bundle.unit-test";
		};
/* End PBXNativeTarget section */

/* Begin PBXProject section */
		3D9E60971B983D8000E45F16 /* Project object */ = {
			isa = PBXProject;
			attributes = {
				LastUpgradeCheck = 0640;
				ORGANIZATIONNAME = Lane;
				TargetAttributes = {
					3D9E609E1B983D8000E45F16 = {
						CreatedOnToolsVersion = 6.4;
					};
					3D9E60B71B983D8000E45F16 = {
						CreatedOnToolsVersion = 6.4;
						TestTargetID = 3D9E609E1B983D8000E45F16;
					};
				};
			};
			buildConfigurationList = 3D9E609A1B983D8000E45F16 /* Build configuration list for PBXProject "DeviceInfoSample" */;
			compatibilityVersion = "Xcode 3.2";
			developmentRegion = English;
			hasScannedForEncodings = 0;
			knownRegions = (
				en,
				Base,
			);
			mainGroup = 3D9E60961B983D8000E45F16;
			productRefGroup = 3D9E60A01B983D8000E45F16 /* Products */;
			projectDirPath = "";
			projectRoot = "";
			targets = (
				3D9E609E1B983D8000E45F16 /* DeviceInfoSample */,
				3D9E60B71B983D8000E45F16 /* DeviceInfoSampleTests */,
			);
		};
/* End PBXProject section */

/* Begin PBXResourcesBuildPhase section */
		3D9E609D1B983D8000E45F16 /* Resources */ = {
			isa = PBXResourcesBuildPhase;
			buildActionMask = 2147483647;
			files = (
				3D9E60AE1B983D8000E45F16 /* Main.storyboard in Resources */,
				3D9E60B31B983D8000E45F16 /* LaunchScreen.xib in Resources */,
				3D9E60B01B983D8000E45F16 /* Images.xcassets in Resources */,
			);
			runOnlyForDeploymentPostprocessing = 0;
		};
		3D9E60B61B983D8000E45F16 /* Resources */ = {
			isa = PBXResourcesBuildPhase;
			buildActionMask = 2147483647;
			files = (
			);
			runOnlyForDeploymentPostprocessing = 0;
		};
/* End PBXResourcesBuildPhase section */

/* Begin PBXSourcesBuildPhase section */
		3D9E609B1B983D8000E45F16 /* Sources */ = {
			isa = PBXSourcesBuildPhase;
			buildActionMask = 2147483647;
			files = (
				3D9E60AB1B983D8000E45F16 /* ViewController.m in Sources */,
				3D9E60A81B983D8000E45F16 /* AppDelegate.m in Sources */,
				3D9E60A51B983D8000E45F16 /* main.m in Sources */,
			);
			runOnlyForDeploymentPostprocessing = 0;
		};
		3D9E60B41B983D8000E45F16 /* Sources */ = {
			isa = PBXSourcesBuildPhase;
			buildActionMask = 2147483647;
			files = (
				3D9E60BF1B983D8000E45F16 /* DeviceInfoSampleTests.m in Sources */,
			);
			runOnlyForDeploymentPostprocessing = 0;
		};
/* End PBXSourcesBuildPhase section */

/* Begin PBXTargetDependency section */
		3D9E60BA1B983D8000E45F16 /* PBXTargetDependency */ = {
			isa = PBXTargetDependency;
			target = 3D9E609E1B983D8000E45F16 /* DeviceInfoSample */;
			targetProxy = 3D9E60B91B983D8000E45F16 /* PBXContainerItemProxy */;
		};
/* End PBXTargetDependency section */

/* Begin PBXVariantGroup section */
		3D9E60AC1B983D8000E45F16 /* Main.storyboard */ = {
			isa = PBXVariantGroup;
			children = (
				3D9E60AD1B983D8000E45F16 /* Base */,
			);
			name = Main.storyboard;
			sourceTree = "<group>";
		};
		3D9E60B11B983D8000E45F16 /* LaunchScreen.xib */ = {
			isa = PBXVariantGroup;
			children = (
				3D9E60B21B983D8000E45F16 /* Base */,
			);
			name = LaunchScreen.xib;
			sourceTree = "<group>";
		};
/* End PBXVariantGroup section */

/* Begin XCBuildConfiguration section */
		3D9E60C01B983D8000E45F16 /* Debug */ = {
			isa = XCBuildConfiguration;
			buildSettings = {
				ALWAYS_SEARCH_USER_PATHS = NO;
				CLANG_CXX_LANGUAGE_STANDARD = "gnu++0x";
				CLANG_CXX_LIBRARY = "libc++";
				CLANG_ENABLE_MODULES = YES;
				CLANG_ENABLE_OBJC_ARC = YES;
				CLANG_WARN_BOOL_CONVERSION = YES;
				CLANG_WARN_CONSTANT_CONVERSION = YES;
				CLANG_WARN_DIRECT_OBJC_ISA_USAGE = YES_ERROR;
				CLANG_WARN_EMPTY_BODY = YES;
				CLANG_WARN_ENUM_CONVERSION = YES;
				CLANG_WARN_INT_CONVERSION = YES;
				CLANG_WARN_OBJC_ROOT_CLASS = YES_ERROR;
				CLANG_WARN_UNREACHABLE_CODE = YES;
				CLANG_WARN__DUPLICATE_METHOD_MATCH = YES;
				"CODE_SIGN_IDENTITY[sdk=iphoneos*]" = "iPhone Developer";
				COPY_PHASE_STRIP = NO;
				DEBUG_INFORMATION_FORMAT = "dwarf-with-dsym";
				ENABLE_STRICT_OBJC_MSGSEND = YES;
				GCC_C_LANGUAGE_STANDARD = gnu99;
				GCC_DYNAMIC_NO_PIC = NO;
				GCC_NO_COMMON_BLOCKS = YES;
				GCC_OPTIMIZATION_LEVEL = 0;
				GCC_PREPROCESSOR_DEFINITIONS = (
					"DEBUG=1",
					"$(inherited)",
				);
				GCC_SYMBOLS_PRIVATE_EXTERN = NO;
				GCC_WARN_64_TO_32_BIT_CONVERSION = YES;
				GCC_WARN_ABOUT_RETURN_TYPE = YES_ERROR;
				GCC_WARN_UNDECLARED_SELECTOR = YES;
				GCC_WARN_UNINITIALIZED_AUTOS = YES_AGGRESSIVE;
				GCC_WARN_UNUSED_FUNCTION = YES;
				GCC_WARN_UNUSED_VARIABLE = YES;
				IPHONEOS_DEPLOYMENT_TARGET = 8.4;
				MTL_ENABLE_DEBUG_INFO = YES;
				ONLY_ACTIVE_ARCH = YES;
				SDKROOT = iphoneos;
			};
			name = Debug;
		};
		3D9E60C11B983D8000E45F16 /* Release */ = {
			isa = XCBuildConfiguration;
			buildSettings = {
				ALWAYS_SEARCH_USER_PATHS = NO;
				CLANG_CXX_LANGUAGE_STANDARD = "gnu++0x";
				CLANG_CXX_LIBRARY = "libc++";
				CLANG_ENABLE_MODULES = YES;
				CLANG_ENABLE_OBJC_ARC = YES;
				CLANG_WARN_BOOL_CONVERSION = YES;
				CLANG_WARN_CONSTANT_CONVERSION = YES;
				CLANG_WARN_DIRECT_OBJC_ISA_USAGE = YES_ERROR;
				CLANG_WARN_EMPTY_BODY = YES;
				CLANG_WARN_ENUM_CONVERSION = YES;
				CLANG_WARN_INT_CONVERSION = YES;
				CLANG_WARN_OBJC_ROOT_CLASS = YES_ERROR;
				CLANG_WARN_UNREACHABLE_CODE = YES;
				CLANG_WARN__DUPLICATE_METHOD_MATCH = YES;
				"CODE_SIGN_IDENTITY[sdk=iphoneos*]" = "iPhone Developer";
				COPY_PHASE_STRIP = NO;
				DEBUG_INFORMATION_FORMAT = "dwarf-with-dsym";
				ENABLE_NS_ASSERTIONS = NO;
				ENABLE_STRICT_OBJC_MSGSEND = YES;
				GCC_C_LANGUAGE_STANDARD = gnu99;
				GCC_NO_COMMON_BLOCKS = YES;
				GCC_WARN_64_TO_32_BIT_CONVERSION = YES;
				GCC_WARN_ABOUT_RETURN_TYPE = YES_ERROR;
				GCC_WARN_UNDECLARED_SELECTOR = YES;
				GCC_WARN_UNINITIALIZED_AUTOS = YES_AGGRESSIVE;
				GCC_WARN_UNUSED_FUNCTION = YES;
				GCC_WARN_UNUSED_VARIABLE = YES;
				IPHONEOS_DEPLOYMENT_TARGET = 8.4;
				MTL_ENABLE_DEBUG_INFO = NO;
				SDKROOT = iphoneos;
				VALIDATE_PRODUCT = YES;
			};
			name = Release;
		};
		3D9E60C31B983D8000E45F16 /* Debug */ = {
			isa = XCBuildConfiguration;
			buildSettings = {
				ASSETCATALOG_COMPILER_APPICON_NAME = AppIcon;
				INFOPLIST_FILE = DeviceInfoSample/Info.plist;
				LD_RUNPATH_SEARCH_PATHS = "$(inherited) @executable_path/Frameworks";
				PRODUCT_NAME = "$(TARGET_NAME)";
			};
			name = Debug;
		};
		3D9E60C41B983D8000E45F16 /* Release */ = {
			isa = XCBuildConfiguration;
			buildSettings = {
				ASSETCATALOG_COMPILER_APPICON_NAME = AppIcon;
				INFOPLIST_FILE = DeviceInfoSample/Info.plist;
				LD_RUNPATH_SEARCH_PATHS = "$(inherited) @executable_path/Frameworks";
				PRODUCT_NAME = "$(TARGET_NAME)";
			};
			name = Release;
		};
		3D9E60C61B983D8000E45F16 /* Debug */ = {
			isa = XCBuildConfiguration;
			buildSettings = {
				BUNDLE_LOADER = "$(TEST_HOST)";
				FRAMEWORK_SEARCH_PATHS = (
					"$(SDKROOT)/Developer/Library/Frameworks",
					"$(inherited)",
				);
				GCC_PREPROCESSOR_DEFINITIONS = (
					"DEBUG=1",
					"$(inherited)",
				);
				INFOPLIST_FILE = DeviceInfoSampleTests/Info.plist;
				LD_RUNPATH_SEARCH_PATHS = "$(inherited) @executable_path/Frameworks @loader_path/Frameworks";
				PRODUCT_NAME = "$(TARGET_NAME)";
				TEST_HOST = "$(BUILT_PRODUCTS_DIR)/DeviceInfoSample.app/DeviceInfoSample";
			};
			name = Debug;
		};
		3D9E60C71B983D8000E45F16 /* Release */ = {
			isa = XCBuildConfiguration;
			buildSettings = {
				BUNDLE_LOADER = "$(TEST_HOST)";
				FRAMEWORK_SEARCH_PATHS = (
					"$(SDKROOT)/Developer/Library/Frameworks",
					"$(inherited)",
				);
				INFOPLIST_FILE = DeviceInfoSampleTests/Info.plist;
				LD_RUNPATH_SEARCH_PATHS = "$(inherited) @executable_path/Frameworks @loader_path/Frameworks";
				PRODUCT_NAME = "$(TARGET_NAME)";
				TEST_HOST = "$(BUILT_PRODUCTS_DIR)/DeviceInfoSample.app/DeviceInfoSample";
			};
			name = Release;
		};
/* End XCBuildConfiguration section */

/* Begin XCConfigurationList section */
		3D9E609A1B983D8000E45F16 /* Build configuration list for PBXProject "DeviceInfoSample" */ = {
			isa = XCConfigurationList;
			buildConfigurations = (
				3D9E60C01B983D8000E45F16 /* Debug */,
				3D9E60C11B983D8000E45F16 /* Release */,
			);
			defaultConfigurationIsVisible = 0;
			defaultConfigurationName = Release;
		};
		3D9E60C21B983D8000E45F16 /* Build configuration list for PBXNativeTarget "DeviceInfoSample" */ = {
			isa = XCConfigurationList;
			buildConfigurations = (
				3D9E60C31B983D8000E45F16 /* Debug */,
				3D9E60C41B983D8000E45F16 /* Release */,
			);
			defaultConfigurationIsVisible = 0;
		};
		3D9E60C51B983D8000E45F16 /* Build configuration list for PBXNativeTarget "DeviceInfoSampleTests" */ = {
			isa = XCConfigurationList;
			buildConfigurations = (
				3D9E60C61B983D8000E45F16 /* Debug */,
				3D9E60C71B983D8000E45F16 /* Release */,
			);
			defaultConfigurationIsVisible = 0;
		};
/* End XCConfigurationList section */
	};
	rootObject = 3D9E60971B983D8000E45F16 /* Project object */;
}
