// !$*UTF8*$!
{
	archiveVersion = 1;
	classes = {
	};
	objectVersion = 46;
	objects = {

/* Begin PBXBuildFile section */
		3D9BCBC21B92D40000F7ADB1 /* main.m in Sources */ = {isa = PBXBuildFile; fileRef = 3D9BCBC11B92D40000F7ADB1 /* main.m */; };
		3D9BCBC51B92D40000F7ADB1 /* AppDelegate.m in Sources */ = {isa = PBXBuildFile; fileRef = 3D9BCBC41B92D40000F7ADB1 /* AppDelegate.m */; };
		3D9BCBC81B92D40000F7ADB1 /* ViewController.m in Sources */ = {isa = PBXBuildFile; fileRef = 3D9BCBC71B92D40000F7ADB1 /* ViewController.m */; };
		3D9BCBCB1B92D40000F7ADB1 /* Main.storyboard in Resources */ = {isa = PBXBuildFile; fileRef = 3D9BCBC91B92D40000F7ADB1 /* Main.storyboard */; };
		3D9BCBCD1B92D40000F7ADB1 /* Images.xcassets in Resources */ = {isa = PBXBuildFile; fileRef = 3D9BCBCC1B92D40000F7ADB1 /* Images.xcassets */; };
		3D9BCBD01B92D40000F7ADB1 /* LaunchScreen.xib in Resources */ = {isa = PBXBuildFile; fileRef = 3D9BCBCE1B92D40000F7ADB1 /* LaunchScreen.xib */; };
		3D9BCBDC1B92D40000F7ADB1 /* TextField_TextViewSampleTests.m in Sources */ = {isa = PBXBuildFile; fileRef = 3D9BCBDB1B92D40000F7ADB1 /* TextField_TextViewSampleTests.m */; };
/* End PBXBuildFile section */

/* Begin PBXContainerItemProxy section */
		3D9BCBD61B92D40000F7ADB1 /* PBXContainerItemProxy */ = {
			isa = PBXContainerItemProxy;
			containerPortal = 3D9BCBB41B92D40000F7ADB1 /* Project object */;
			proxyType = 1;
			remoteGlobalIDString = 3D9BCBBB1B92D40000F7ADB1;
			remoteInfo = TextField_TextViewSample;
		};
/* End PBXContainerItemProxy section */

/* Begin PBXFileReference section */
		3D9BCBBC1B92D40000F7ADB1 /* TextField_TextViewSample.app */ = {isa = PBXFileReference; explicitFileType = wrapper.application; includeInIndex = 0; path = TextField_TextViewSample.app; sourceTree = BUILT_PRODUCTS_DIR; };
		3D9BCBC01B92D40000F7ADB1 /* Info.plist */ = {isa = PBXFileReference; lastKnownFileType = text.plist.xml; path = Info.plist; sourceTree = "<group>"; };
		3D9BCBC11B92D40000F7ADB1 /* main.m */ = {isa = PBXFileReference; lastKnownFileType = sourcecode.c.objc; path = main.m; sourceTree = "<group>"; };
		3D9BCBC31B92D40000F7ADB1 /* AppDelegate.h */ = {isa = PBXFileReference; lastKnownFileType = sourcecode.c.h; path = AppDelegate.h; sourceTree = "<group>"; };
		3D9BCBC41B92D40000F7ADB1 /* AppDelegate.m */ = {isa = PBXFileReference; lastKnownFileType = sourcecode.c.objc; path = AppDelegate.m; sourceTree = "<group>"; };
		3D9BCBC61B92D40000F7ADB1 /* ViewController.h */ = {isa = PBXFileReference; lastKnownFileType = sourcecode.c.h; path = ViewController.h; sourceTree = "<group>"; };
		3D9BCBC71B92D40000F7ADB1 /* ViewController.m */ = {isa = PBXFileReference; lastKnownFileType = sourcecode.c.objc; path = ViewController.m; sourceTree = "<group>"; };
		3D9BCBCA1B92D40000F7ADB1 /* Base */ = {isa = PBXFileReference; lastKnownFileType = file.storyboard; name = Base; path = Base.lproj/Main.storyboard; sourceTree = "<group>"; };
		3D9BCBCC1B92D40000F7ADB1 /* Images.xcassets */ = {isa = PBXFileReference; lastKnownFileType = folder.assetcatalog; path = Images.xcassets; sourceTree = "<group>"; };
		3D9BCBCF1B92D40000F7ADB1 /* Base */ = {isa = PBXFileReference; lastKnownFileType = file.xib; name = Base; path = Base.lproj/LaunchScreen.xib; sourceTree = "<group>"; };
		3D9BCBD51B92D40000F7ADB1 /* TextField_TextViewSampleTests.xctest */ = {isa = PBXFileReference; explicitFileType = wrapper.cfbundle; includeInIndex = 0; path = TextField_TextViewSampleTests.xctest; sourceTree = BUILT_PRODUCTS_DIR; };
		3D9BCBDA1B92D40000F7ADB1 /* Info.plist */ = {isa = PBXFileReference; lastKnownFileType = text.plist.xml; path = Info.plist; sourceTree = "<group>"; };
		3D9BCBDB1B92D40000F7ADB1 /* TextField_TextViewSampleTests.m */ = {isa = PBXFileReference; lastKnownFileType = sourcecode.c.objc; path = TextField_TextViewSampleTests.m; sourceTree = "<group>"; };
/* End PBXFileReference section */

/* Begin PBXFrameworksBuildPhase section */
		3D9BCBB91B92D40000F7ADB1 /* Frameworks */ = {
			isa = PBXFrameworksBuildPhase;
			buildActionMask = 2147483647;
			files = (
			);
			runOnlyForDeploymentPostprocessing = 0;
		};
		3D9BCBD21B92D40000F7ADB1 /* Frameworks */ = {
			isa = PBXFrameworksBuildPhase;
			buildActionMask = 2147483647;
			files = (
			);
			runOnlyForDeploymentPostprocessing = 0;
		};
/* End PBXFrameworksBuildPhase section */

/* Begin PBXGroup section */
		3D9BCBB31B92D40000F7ADB1 = {
			isa = PBXGroup;
			children = (
				3D9BCBBE1B92D40000F7ADB1 /* TextField_TextViewSample */,
				3D9BCBD81B92D40000F7ADB1 /* TextField_TextViewSampleTests */,
				3D9BCBBD1B92D40000F7ADB1 /* Products */,
			);
			sourceTree = "<group>";
		};
		3D9BCBBD1B92D40000F7ADB1 /* Products */ = {
			isa = PBXGroup;
			children = (
				3D9BCBBC1B92D40000F7ADB1 /* TextField_TextViewSample.app */,
				3D9BCBD51B92D40000F7ADB1 /* TextField_TextViewSampleTests.xctest */,
			);
			name = Products;
			sourceTree = "<group>";
		};
		3D9BCBBE1B92D40000F7ADB1 /* TextField_TextViewSample */ = {
			isa = PBXGroup;
			children = (
				3D9BCBC31B92D40000F7ADB1 /* AppDelegate.h */,
				3D9BCBC41B92D40000F7ADB1 /* AppDelegate.m */,
				3D9BCBC61B92D40000F7ADB1 /* ViewController.h */,
				3D9BCBC71B92D40000F7ADB1 /* ViewController.m */,
				3D9BCBC91B92D40000F7ADB1 /* Main.storyboard */,
				3D9BCBCC1B92D40000F7ADB1 /* Images.xcassets */,
				3D9BCBCE1B92D40000F7ADB1 /* LaunchScreen.xib */,
				3D9BCBBF1B92D40000F7ADB1 /* Supporting Files */,
			);
			path = TextField_TextViewSample;
			sourceTree = "<group>";
		};
		3D9BCBBF1B92D40000F7ADB1 /* Supporting Files */ = {
			isa = PBXGroup;
			children = (
				3D9BCBC01B92D40000F7ADB1 /* Info.plist */,
				3D9BCBC11B92D40000F7ADB1 /* main.m */,
			);
			name = "Supporting Files";
			sourceTree = "<group>";
		};
		3D9BCBD81B92D40000F7ADB1 /* TextField_TextViewSampleTests */ = {
			isa = PBXGroup;
			children = (
				3D9BCBDB1B92D40000F7ADB1 /* TextField_TextViewSampleTests.m */,
				3D9BCBD91B92D40000F7ADB1 /* Supporting Files */,
			);
			path = TextField_TextViewSampleTests;
			sourceTree = "<group>";
		};
		3D9BCBD91B92D40000F7ADB1 /* Supporting Files */ = {
			isa = PBXGroup;
			children = (
				3D9BCBDA1B92D40000F7ADB1 /* Info.plist */,
			);
			name = "Supporting Files";
			sourceTree = "<group>";
		};
/* End PBXGroup section */

/* Begin PBXNativeTarget section */
		3D9BCBBB1B92D40000F7ADB1 /* TextField_TextViewSample */ = {
			isa = PBXNativeTarget;
			buildConfigurationList = 3D9BCBDF1B92D40000F7ADB1 /* Build configuration list for PBXNativeTarget "TextField_TextViewSample" */;
			buildPhases = (
				3D9BCBB81B92D40000F7ADB1 /* Sources */,
				3D9BCBB91B92D40000F7ADB1 /* Frameworks */,
				3D9BCBBA1B92D40000F7ADB1 /* Resources */,
			);
			buildRules = (
			);
			dependencies = (
			);
			name = TextField_TextViewSample;
			productName = TextField_TextViewSample;
			productReference = 3D9BCBBC1B92D40000F7ADB1 /* TextField_TextViewSample.app */;
			productType = "com.apple.product-type.application";
		};
		3D9BCBD41B92D40000F7ADB1 /* TextField_TextViewSampleTests */ = {
			isa = PBXNativeTarget;
			buildConfigurationList = 3D9BCBE21B92D40000F7ADB1 /* Build configuration list for PBXNativeTarget "TextField_TextViewSampleTests" */;
			buildPhases = (
				3D9BCBD11B92D40000F7ADB1 /* Sources */,
				3D9BCBD21B92D40000F7ADB1 /* Frameworks */,
				3D9BCBD31B92D40000F7ADB1 /* Resources */,
			);
			buildRules = (
			);
			dependencies = (
				3D9BCBD71B92D40000F7ADB1 /* PBXTargetDependency */,
			);
			name = TextField_TextViewSampleTests;
			productName = TextField_TextViewSampleTests;
			productReference = 3D9BCBD51B92D40000F7ADB1 /* TextField_TextViewSampleTests.xctest */;
			productType = "com.apple.product-type.bundle.unit-test";
		};
/* End PBXNativeTarget section */

/* Begin PBXProject section */
		3D9BCBB41B92D40000F7ADB1 /* Project object */ = {
			isa = PBXProject;
			attributes = {
				LastUpgradeCheck = 0640;
				ORGANIZATIONNAME = Lane;
				TargetAttributes = {
					3D9BCBBB1B92D40000F7ADB1 = {
						CreatedOnToolsVersion = 6.4;
					};
					3D9BCBD41B92D40000F7ADB1 = {
						CreatedOnToolsVersion = 6.4;
						TestTargetID = 3D9BCBBB1B92D40000F7ADB1;
					};
				};
			};
			buildConfigurationList = 3D9BCBB71B92D40000F7ADB1 /* Build configuration list for PBXProject "TextField_TextViewSample" */;
			compatibilityVersion = "Xcode 3.2";
			developmentRegion = English;
			hasScannedForEncodings = 0;
			knownRegions = (
				en,
				Base,
			);
			mainGroup = 3D9BCBB31B92D40000F7ADB1;
			productRefGroup = 3D9BCBBD1B92D40000F7ADB1 /* Products */;
			projectDirPath = "";
			projectRoot = "";
			targets = (
				3D9BCBBB1B92D40000F7ADB1 /* TextField_TextViewSample */,
				3D9BCBD41B92D40000F7ADB1 /* TextField_TextViewSampleTests */,
			);
		};
/* End PBXProject section */

/* Begin PBXResourcesBuildPhase section */
		3D9BCBBA1B92D40000F7ADB1 /* Resources */ = {
			isa = PBXResourcesBuildPhase;
			buildActionMask = 2147483647;
			files = (
				3D9BCBCB1B92D40000F7ADB1 /* Main.storyboard in Resources */,
				3D9BCBD01B92D40000F7ADB1 /* LaunchScreen.xib in Resources */,
				3D9BCBCD1B92D40000F7ADB1 /* Images.xcassets in Resources */,
			);
			runOnlyForDeploymentPostprocessing = 0;
		};
		3D9BCBD31B92D40000F7ADB1 /* Resources */ = {
			isa = PBXResourcesBuildPhase;
			buildActionMask = 2147483647;
			files = (
			);
			runOnlyForDeploymentPostprocessing = 0;
		};
/* End PBXResourcesBuildPhase section */

/* Begin PBXSourcesBuildPhase section */
		3D9BCBB81B92D40000F7ADB1 /* Sources */ = {
			isa = PBXSourcesBuildPhase;
			buildActionMask = 2147483647;
			files = (
				3D9BCBC81B92D40000F7ADB1 /* ViewController.m in Sources */,
				3D9BCBC51B92D40000F7ADB1 /* AppDelegate.m in Sources */,
				3D9BCBC21B92D40000F7ADB1 /* main.m in Sources */,
			);
			runOnlyForDeploymentPostprocessing = 0;
		};
		3D9BCBD11B92D40000F7ADB1 /* Sources */ = {
			isa = PBXSourcesBuildPhase;
			buildActionMask = 2147483647;
			files = (
				3D9BCBDC1B92D40000F7ADB1 /* TextField_TextViewSampleTests.m in Sources */,
			);
			runOnlyForDeploymentPostprocessing = 0;
		};
/* End PBXSourcesBuildPhase section */

/* Begin PBXTargetDependency section */
		3D9BCBD71B92D40000F7ADB1 /* PBXTargetDependency */ = {
			isa = PBXTargetDependency;
			target = 3D9BCBBB1B92D40000F7ADB1 /* TextField_TextViewSample */;
			targetProxy = 3D9BCBD61B92D40000F7ADB1 /* PBXContainerItemProxy */;
		};
/* End PBXTargetDependency section */

/* Begin PBXVariantGroup section */
		3D9BCBC91B92D40000F7ADB1 /* Main.storyboard */ = {
			isa = PBXVariantGroup;
			children = (
				3D9BCBCA1B92D40000F7ADB1 /* Base */,
			);
			name = Main.storyboard;
			sourceTree = "<group>";
		};
		3D9BCBCE1B92D40000F7ADB1 /* LaunchScreen.xib */ = {
			isa = PBXVariantGroup;
			children = (
				3D9BCBCF1B92D40000F7ADB1 /* Base */,
			);
			name = LaunchScreen.xib;
			sourceTree = "<group>";
		};
/* End PBXVariantGroup section */

/* Begin XCBuildConfiguration section */
		3D9BCBDD1B92D40000F7ADB1 /* Debug */ = {
			isa = XCBuildConfiguration;
			buildSettings = {
				ALWAYS_SEARCH_USER_PATHS = NO;
				CLANG_CXX_LANGUAGE_STANDARD = "gnu++0x";
				CLANG_CXX_LIBRARY = "libc++";
				CLANG_ENABLE_MODULES = YES;
				CLANG_ENABLE_OBJC_ARC = YES;
				CLANG_WARN_BOOL_CONVERSION = YES;
				CLANG_WARN_CONSTANT_CONVERSION = YES;
				CLANG_WARN_DIRECT_OBJC_ISA_USAGE = YES_ERROR;
				CLANG_WARN_EMPTY_BODY = YES;
				CLANG_WARN_ENUM_CONVERSION = YES;
				CLANG_WARN_INT_CONVERSION = YES;
				CLANG_WARN_OBJC_ROOT_CLASS = YES_ERROR;
				CLANG_WARN_UNREACHABLE_CODE = YES;
				CLANG_WARN__DUPLICATE_METHOD_MATCH = YES;
				"CODE_SIGN_IDENTITY[sdk=iphoneos*]" = "iPhone Developer";
				COPY_PHASE_STRIP = NO;
				DEBUG_INFORMATION_FORMAT = "dwarf-with-dsym";
				ENABLE_STRICT_OBJC_MSGSEND = YES;
				GCC_C_LANGUAGE_STANDARD = gnu99;
				GCC_DYNAMIC_NO_PIC = NO;
				GCC_NO_COMMON_BLOCKS = YES;
				GCC_OPTIMIZATION_LEVEL = 0;
				GCC_PREPROCESSOR_DEFINITIONS = (
					"DEBUG=1",
					"$(inherited)",
				);
				GCC_SYMBOLS_PRIVATE_EXTERN = NO;
				GCC_WARN_64_TO_32_BIT_CONVERSION = YES;
				GCC_WARN_ABOUT_RETURN_TYPE = YES_ERROR;
				GCC_WARN_UNDECLARED_SELECTOR = YES;
				GCC_WARN_UNINITIALIZED_AUTOS = YES_AGGRESSIVE;
				GCC_WARN_UNUSED_FUNCTION = YES;
				GCC_WARN_UNUSED_VARIABLE = YES;
				IPHONEOS_DEPLOYMENT_TARGET = 8.4;
				MTL_ENABLE_DEBUG_INFO = YES;
				ONLY_ACTIVE_ARCH = YES;
				SDKROOT = iphoneos;
			};
			name = Debug;
		};
		3D9BCBDE1B92D40000F7ADB1 /* Release */ = {
			isa = XCBuildConfiguration;
			buildSettings = {
				ALWAYS_SEARCH_USER_PATHS = NO;
				CLANG_CXX_LANGUAGE_STANDARD = "gnu++0x";
				CLANG_CXX_LIBRARY = "libc++";
				CLANG_ENABLE_MODULES = YES;
				CLANG_ENABLE_OBJC_ARC = YES;
				CLANG_WARN_BOOL_CONVERSION = YES;
				CLANG_WARN_CONSTANT_CONVERSION = YES;
				CLANG_WARN_DIRECT_OBJC_ISA_USAGE = YES_ERROR;
				CLANG_WARN_EMPTY_BODY = YES;
				CLANG_WARN_ENUM_CONVERSION = YES;
				CLANG_WARN_INT_CONVERSION = YES;
				CLANG_WARN_OBJC_ROOT_CLASS = YES_ERROR;
				CLANG_WARN_UNREACHABLE_CODE = YES;
				CLANG_WARN__DUPLICATE_METHOD_MATCH = YES;
				"CODE_SIGN_IDENTITY[sdk=iphoneos*]" = "iPhone Developer";
				COPY_PHASE_STRIP = NO;
				DEBUG_INFORMATION_FORMAT = "dwarf-with-dsym";
				ENABLE_NS_ASSERTIONS = NO;
				ENABLE_STRICT_OBJC_MSGSEND = YES;
				GCC_C_LANGUAGE_STANDARD = gnu99;
				GCC_NO_COMMON_BLOCKS = YES;
				GCC_WARN_64_TO_32_BIT_CONVERSION = YES;
				GCC_WARN_ABOUT_RETURN_TYPE = YES_ERROR;
				GCC_WARN_UNDECLARED_SELECTOR = YES;
				GCC_WARN_UNINITIALIZED_AUTOS = YES_AGGRESSIVE;
				GCC_WARN_UNUSED_FUNCTION = YES;
				GCC_WARN_UNUSED_VARIABLE = YES;
				IPHONEOS_DEPLOYMENT_TARGET = 8.4;
				MTL_ENABLE_DEBUG_INFO = NO;
				SDKROOT = iphoneos;
				VALIDATE_PRODUCT = YES;
			};
			name = Release;
		};
		3D9BCBE01B92D40000F7ADB1 /* Debug */ = {
			isa = XCBuildConfiguration;
			buildSettings = {
				ASSETCATALOG_COMPILER_APPICON_NAME = AppIcon;
				INFOPLIST_FILE = TextField_TextViewSample/Info.plist;
				LD_RUNPATH_SEARCH_PATHS = "$(inherited) @executable_path/Frameworks";
				PRODUCT_NAME = "$(TARGET_NAME)";
			};
			name = Debug;
		};
		3D9BCBE11B92D40000F7ADB1 /* Release */ = {
			isa = XCBuildConfiguration;
			buildSettings = {
				ASSETCATALOG_COMPILER_APPICON_NAME = AppIcon;
				INFOPLIST_FILE = TextField_TextViewSample/Info.plist;
				LD_RUNPATH_SEARCH_PATHS = "$(inherited) @executable_path/Frameworks";
				PRODUCT_NAME = "$(TARGET_NAME)";
			};
			name = Release;
		};
		3D9BCBE31B92D40000F7ADB1 /* Debug */ = {
			isa = XCBuildConfiguration;
			buildSettings = {
				BUNDLE_LOADER = "$(TEST_HOST)";
				FRAMEWORK_SEARCH_PATHS = (
					"$(SDKROOT)/Developer/Library/Frameworks",
					"$(inherited)",
				);
				GCC_PREPROCESSOR_DEFINITIONS = (
					"DEBUG=1",
					"$(inherited)",
				);
				INFOPLIST_FILE = TextField_TextViewSampleTests/Info.plist;
				LD_RUNPATH_SEARCH_PATHS = "$(inherited) @executable_path/Frameworks @loader_path/Frameworks";
				PRODUCT_NAME = "$(TARGET_NAME)";
				TEST_HOST = "$(BUILT_PRODUCTS_DIR)/TextField_TextViewSample.app/TextField_TextViewSample";
			};
			name = Debug;
		};
		3D9BCBE41B92D40000F7ADB1 /* Release */ = {
			isa = XCBuildConfiguration;
			buildSettings = {
				BUNDLE_LOADER = "$(TEST_HOST)";
				FRAMEWORK_SEARCH_PATHS = (
					"$(SDKROOT)/Developer/Library/Frameworks",
					"$(inherited)",
				);
				INFOPLIST_FILE = TextField_TextViewSampleTests/Info.plist;
				LD_RUNPATH_SEARCH_PATHS = "$(inherited) @executable_path/Frameworks @loader_path/Frameworks";
				PRODUCT_NAME = "$(TARGET_NAME)";
				TEST_HOST = "$(BUILT_PRODUCTS_DIR)/TextField_TextViewSample.app/TextField_TextViewSample";
			};
			name = Release;
		};
/* End XCBuildConfiguration section */

/* Begin XCConfigurationList section */
		3D9BCBB71B92D40000F7ADB1 /* Build configuration list for PBXProject "TextField_TextViewSample" */ = {
			isa = XCConfigurationList;
			buildConfigurations = (
				3D9BCBDD1B92D40000F7ADB1 /* Debug */,
				3D9BCBDE1B92D40000F7ADB1 /* Release */,
			);
			defaultConfigurationIsVisible = 0;
			defaultConfigurationName = Release;
		};
		3D9BCBDF1B92D40000F7ADB1 /* Build configuration list for PBXNativeTarget "TextField_TextViewSample" */ = {
			isa = XCConfigurationList;
			buildConfigurations = (
				3D9BCBE01B92D40000F7ADB1 /* Debug */,
				3D9BCBE11B92D40000F7ADB1 /* Release */,
			);
			defaultConfigurationIsVisible = 0;
		};
		3D9BCBE21B92D40000F7ADB1 /* Build configuration list for PBXNativeTarget "TextField_TextViewSampleTests" */ = {
			isa = XCConfigurationList;
			buildConfigurations = (
				3D9BCBE31B92D40000F7ADB1 /* Debug */,
				3D9BCBE41B92D40000F7ADB1 /* Release */,
			);
			defaultConfigurationIsVisible = 0;
		};
/* End XCConfigurationList section */
	};
	rootObject = 3D9BCBB41B92D40000F7ADB1 /* Project object */;
}
